
Microsoft Visual Studio Solution File, Format Version 12.00
# Visual Studio Version 17
VisualStudioVersion = 17.8.34316.72
MinimumVisualStudioVersion = 10.0.40219.1
Project("{9A19103F-16F7-4668-BE54-9A1E7A4F7556}") = "Client", "Client.csproj", "{81A88975-CA25-462A-B4B4-7FC47778E6FB}"
EndProject
Global
	GlobalSection(SolutionConfigurationPlatforms) = preSolution
		Debug|Any CPU = Debug|Any CPU
		Release|Any CPU = Release|Any CPU
	EndGlobalSection
	GlobalSection(ProjectConfigurationPlatforms) = postSolution
		{81A88975-CA25-462A-B4B4-7FC47778E6FB}.Debug|Any CPU.ActiveCfg = Debug|Any CPU
		{81A88975-CA25-462A-B4B4-7FC47778E6FB}.Debug|Any CPU.Build.0 = Debug|Any CPU
		{81A88975-CA25-462A-B4B4-7FC47778E6FB}.Release|Any CPU.ActiveCfg = Release|Any CPU
		{81A88975-CA25-462A-B4B4-7FC47778E6FB}.Release|Any CPU.Build.0 = Release|Any CPU
	EndGlobalSection
	GlobalSection(SolutionProperties) = preSolution
		HideSolutionNode = FALSE
	EndGlobalSection
	GlobalSection(ExtensibilityGlobals) = postSolution
		SolutionGuid = {67A501E2-456D-47BD-A205-A4FA90A231CF}
	EndGlobalSection
EndGlobal
